
Microsoft Visual Studio Solution File, Format Version 12.00
# Visual Studio Version 16
VisualStudioVersion = 16.0.31019.35
MinimumVisualStudioVersion = 10.0.40219.1
Project("{FAE04EC0-301F-11D3-BF4B-00C04F79EFBC}") = "EShopAdminApplication", "EShopAdminApplication\EShopAdminApplication.csproj", "{B0009EF9-8447-44A8-AB9A-4DCC81754353}"
EndProject
Global
	GlobalSection(SolutionConfigurationPlatforms) = preSolution
		Debug|Any CPU = Debug|Any CPU
		Release|Any CPU = Release|Any CPU
	EndGlobalSection
	GlobalSection(ProjectConfigurationPlatforms) = postSolution
		{B0009EF9-8447-44A8-AB9A-4DCC81754353}.Debug|Any CPU.ActiveCfg = Debug|Any CPU
		{B0009EF9-8447-44A8-AB9A-4DCC81754353}.Debug|Any CPU.Build.0 = Debug|Any CPU
		{B0009EF9-8447-44A8-AB9A-4DCC81754353}.Release|Any CPU.ActiveCfg = Release|Any CPU
		{B0009EF9-8447-44A8-AB9A-4DCC81754353}.Release|Any CPU.Build.0 = Release|Any CPU
	EndGlobalSection
	GlobalSection(SolutionProperties) = preSolution
		HideSolutionNode = FALSE
	EndGlobalSection
	GlobalSection(ExtensibilityGlobals) = postSolution
		SolutionGuid = {C482E63D-1B11-4C68-AA5F-63AE2711B239}
	EndGlobalSection
EndGlobal
